
Microsoft Visual Studio Solution File, Format Version 12.00
# Visual Studio Version 17
VisualStudioVersion = 17.13.35825.156 d17.13
MinimumVisualStudioVersion = 10.0.40219.1
Project("{FAE04EC0-301F-11D3-BF4B-00C04F79EFBC}") = "BlazorWASMLocalStorageExample", "BlazorWASMLocalStorageExample\BlazorWASMLocalStorageExample.csproj", "{28B84594-90FE-42C0-82FC-7BFECE904E99}"
EndProject
Global
	GlobalSection(SolutionConfigurationPlatforms) = preSolution
		Debug|Any CPU = Debug|Any CPU
		Release|Any CPU = Release|Any CPU
	EndGlobalSection
	GlobalSection(ProjectConfigurationPlatforms) = postSolution
		{28B84594-90FE-42C0-82FC-7BFECE904E99}.Debug|Any CPU.ActiveCfg = Debug|Any CPU
		{28B84594-90FE-42C0-82FC-7BFECE904E99}.Debug|Any CPU.Build.0 = Debug|Any CPU
		{28B84594-90FE-42C0-82FC-7BFECE904E99}.Release|Any CPU.ActiveCfg = Release|Any CPU
		{28B84594-90FE-42C0-82FC-7BFECE904E99}.Release|Any CPU.Build.0 = Release|Any CPU
	EndGlobalSection
	GlobalSection(SolutionProperties) = preSolution
		HideSolutionNode = FALSE
	EndGlobalSection
	GlobalSection(ExtensibilityGlobals) = postSolution
		SolutionGuid = {6182B2ED-DFC7-4F14-8FA4-8D9212609507}
	EndGlobalSection
EndGlobal
